# THIS IS AN AUTOGENERATED FILE. DO NOT EDIT THIS FILE DIRECTLY.
# yarn lockfile v1


"@steedos-labs/contract@2.1.64":
  version "2.1.64"
  resolved "https://registry.yarnpkg.com/@steedos-labs/contract/-/contract-2.1.64.tgz#6ef84eb1810bd58441a3f8e3bb4c94767f35d3fd"
  integrity sha512-oKd17LkGKEbrBtab9JutX87wrpbzfKBT0oQNmVmmDR6UPCvvK8L6DSeGet5TifkAIfXTaw1RmTqlBn6uAVERrg==

"@steedos-labs/master@2.1.65":
  version "2.1.65"
  resolved "https://registry.yarnpkg.com/@steedos-labs/master/-/master-2.1.65.tgz#a1a18a4db3bff7bc65adfb184439d567fc3234a1"
  integrity sha512-gSdGRKCg2BPPKMvG+AtrH/6+oOJi8VLM7YDCqE1CYefSsEL1/ChRPP5FzxWmSMXEwX69FJF/LZkTNA8b9/xoQQ==

"@steedos-labs/oa@2.1.65":
  version "2.1.65"
  resolved "https://registry.yarnpkg.com/@steedos-labs/oa/-/oa-2.1.65.tgz#0c450f0264efc7d0687c8ac9c297da5c96ffaa03"
  integrity sha512-iPKsS37hBwKZuqQoyyod3tan5mWjB+7jnZMXY7HqK1n0YWDgvNzNGous5X1JdCAULfHWjArjmRp124xY0qeCqA==

"@steedos-labs/project@2.1.63":
  version "2.1.63"
  resolved "https://registry.yarnpkg.com/@steedos-labs/project/-/project-2.1.63.tgz#8558efca56dd5c551b12cf841a92b1149f1f04db"
  integrity sha512-xZ4HHomxi0Hichzq7soAVJIMW4i2NHk9+3FN9IJw7tZNUnqJK3mBqXBRQ9T2cUPFN837RN2AO24XoMX9uQvofA==

"@steedos-labs/workflow@2.1.62":
  version "2.1.62"
  resolved "https://registry.yarnpkg.com/@steedos-labs/workflow/-/workflow-2.1.62.tgz#866fe1da07fe6a1408812f442422ed6314701eb1"
  integrity sha512-vqLCWDQzcbCeYqNQYaGzj8E0LOrprJ24LiPoRILXg2GWrjqgiQEkYhud0yFzP0jB6TBn2HXikibxQJ6fHyzC2A==
